lockfileVersion: '9.0'

settings:
  autoInstallPeers: true
  excludeLinksFromLockfile: false

importers:

  .:
    dependencies:
      regenerator-runtime:
        specifier: ^0.14.1
        version: 0.14.1
      requirejs:
        specifier: ^2.3.7
        version: 2.3.7

packages:

  regenerator-runtime@0.14.1:
    resolution: {integrity: sha512-dYnhHh0nJoMfnkZs6GmmhFknAGRrLznOu5nc9ML+EJxGvrx6H7teuevqVqCuPcPK//3eDrrjQhehXVx9cnkGdw==}

  requirejs@2.3.7:
    resolution: {integrity: sha512-DouTG8T1WanGok6Qjg2SXuCMzszOo0eHeH9hDZ5Y4x8Je+9JB38HdTLT4/VA8OaUhBa0JPVHJ0pyBkM1z+pDsw==}
    engines: {node: '>=0.4.0'}
    hasBin: true

snapshots:

  regenerator-runtime@0.14.1: {}

  requirejs@2.3.7: {}
